
Microsoft Visual Studio Solution File, Format Version 12.00
# Visual Studio 16
Project("{8BC9CEB8-8B4A-11D0-8D11-00A0C91BC942}") = "SandBox", "SandBox\SandBox.vcxproj", "{D43924E3-4019-A37E-4931-2E55B58F09E0}"
EndProject
Project("{8BC9CEB8-8B4A-11D0-8D11-00A0C91BC942}") = "Athena", "Athena\Athena.vcxproj", "{B633ECA7-A2D5-167E-8B90-2AD277D19DCE}"
EndProject
Project("{2150E333-8FDC-42A3-9474-1A3956D46DE8}") = "Dependencies", "Dependencies", "{53E47842-3FC8-3998-A828-34EB942B241A}"
EndProject
Project("{8BC9CEB8-8B4A-11D0-8D11-00A0C91BC942}") = "GLFW", "Athena\vendor\GLFW\GLFW.vcxproj", "{154B857C-0182-860D-AA6E-6C109684020F}"
EndProject
Project("{8BC9CEB8-8B4A-11D0-8D11-00A0C91BC942}") = "Glad", "Athena\vendor\Glad\Glad.vcxproj", "{BDD6857C-A90D-870D-52FA-6C103E10030F}"
EndProject
Project("{8BC9CEB8-8B4A-11D0-8D11-00A0C91BC942}") = "ImGui", "Athena\vendor\ImGui\ImGui.vcxproj", "{C0FF640D-2C14-8DBE-F595-301E616989EF}"
EndProject
Project("{8BC9CEB8-8B4A-11D0-8D11-00A0C91BC942}") = "spdlog", "Athena\vendor\spdlog\spdlog.vcxproj", "{8EAD431C-7A4F-6EF2-630A-82464F4BF542}"
EndProject
Global
	GlobalSection(SolutionConfigurationPlatforms) = preSolution
		Debug|x64 = Debug|x64
		Dist|x64 = Dist|x64
		Release|x64 = Release|x64
	EndGlobalSection
	GlobalSection(ProjectConfigurationPlatforms) = postSolution
		{D43924E3-4019-A37E-4931-2E55B58F09E0}.Debug|x64.ActiveCfg = Debug|x64
		{D43924E3-4019-A37E-4931-2E55B58F09E0}.Debug|x64.Build.0 = Debug|x64
		{D43924E3-4019-A37E-4931-2E55B58F09E0}.Dist|x64.ActiveCfg = Dist|x64
		{D43924E3-4019-A37E-4931-2E55B58F09E0}.Dist|x64.Build.0 = Dist|x64
		{D43924E3-4019-A37E-4931-2E55B58F09E0}.Release|x64.ActiveCfg = Release|x64
		{D43924E3-4019-A37E-4931-2E55B58F09E0}.Release|x64.Build.0 = Release|x64
		{B633ECA7-A2D5-167E-8B90-2AD277D19DCE}.Debug|x64.ActiveCfg = Debug|x64
		{B633ECA7-A2D5-167E-8B90-2AD277D19DCE}.Debug|x64.Build.0 = Debug|x64
		{B633ECA7-A2D5-167E-8B90-2AD277D19DCE}.Dist|x64.ActiveCfg = Dist|x64
		{B633ECA7-A2D5-167E-8B90-2AD277D19DCE}.Dist|x64.Build.0 = Dist|x64
		{B633ECA7-A2D5-167E-8B90-2AD277D19DCE}.Release|x64.ActiveCfg = Release|x64
		{B633ECA7-A2D5-167E-8B90-2AD277D19DCE}.Release|x64.Build.0 = Release|x64
		{154B857C-0182-860D-AA6E-6C109684020F}.Debug|x64.ActiveCfg = Debug|x64
		{154B857C-0182-860D-AA6E-6C109684020F}.Debug|x64.Build.0 = Debug|x64
		{154B857C-0182-860D-AA6E-6C109684020F}.Dist|x64.ActiveCfg = Dist|x64
		{154B857C-0182-860D-AA6E-6C109684020F}.Dist|x64.Build.0 = Dist|x64
		{154B857C-0182-860D-AA6E-6C109684020F}.Release|x64.ActiveCfg = Release|x64
		{154B857C-0182-860D-AA6E-6C109684020F}.Release|x64.Build.0 = Release|x64
		{BDD6857C-A90D-870D-52FA-6C103E10030F}.Debug|x64.ActiveCfg = Debug|x64
		{BDD6857C-A90D-870D-52FA-6C103E10030F}.Debug|x64.Build.0 = Debug|x64
		{BDD6857C-A90D-870D-52FA-6C103E10030F}.Dist|x64.ActiveCfg = Dist|x64
		{BDD6857C-A90D-870D-52FA-6C103E10030F}.Dist|x64.Build.0 = Dist|x64
		{BDD6857C-A90D-870D-52FA-6C103E10030F}.Release|x64.ActiveCfg = Release|x64
		{BDD6857C-A90D-870D-52FA-6C103E10030F}.Release|x64.Build.0 = Release|x64
		{C0FF640D-2C14-8DBE-F595-301E616989EF}.Debug|x64.ActiveCfg = Debug|x64
		{C0FF640D-2C14-8DBE-F595-301E616989EF}.Debug|x64.Build.0 = Debug|x64
		{C0FF640D-2C14-8DBE-F595-301E616989EF}.Dist|x64.ActiveCfg = Dist|x64
		{C0FF640D-2C14-8DBE-F595-301E616989EF}.Dist|x64.Build.0 = Dist|x64
		{C0FF640D-2C14-8DBE-F595-301E616989EF}.Release|x64.ActiveCfg = Release|x64
		{C0FF640D-2C14-8DBE-F595-301E616989EF}.Release|x64.Build.0 = Release|x64
		{8EAD431C-7A4F-6EF2-630A-82464F4BF542}.Debug|x64.ActiveCfg = Debug|x64
		{8EAD431C-7A4F-6EF2-630A-82464F4BF542}.Debug|x64.Build.0 = Debug|x64
		{8EAD431C-7A4F-6EF2-630A-82464F4BF542}.Dist|x64.ActiveCfg = Dist|x64
		{8EAD431C-7A4F-6EF2-630A-82464F4BF542}.Dist|x64.Build.0 = Dist|x64
		{8EAD431C-7A4F-6EF2-630A-82464F4BF542}.Release|x64.ActiveCfg = Release|x64
		{8EAD431C-7A4F-6EF2-630A-82464F4BF542}.Release|x64.Build.0 = Release|x64
	EndGlobalSection
	GlobalSection(SolutionProperties) = preSolution
		HideSolutionNode = FALSE
	EndGlobalSection
	GlobalSection(NestedProjects) = preSolution
		{154B857C-0182-860D-AA6E-6C109684020F} = {53E47842-3FC8-3998-A828-34EB942B241A}
		{BDD6857C-A90D-870D-52FA-6C103E10030F} = {53E47842-3FC8-3998-A828-34EB942B241A}
		{C0FF640D-2C14-8DBE-F595-301E616989EF} = {53E47842-3FC8-3998-A828-34EB942B241A}
		{8EAD431C-7A4F-6EF2-630A-82464F4BF542} = {53E47842-3FC8-3998-A828-34EB942B241A}
	EndGlobalSection
EndGlobal
