<?xml version="1.0" encoding="utf-8"?>
<Project ToolsVersion="4.0" xmlns="http://schemas.microsoft.com/developer/msbuild/2003">
  <ItemGroup>
    <Filter Include="Athena">
      <UniqueIdentifier>{B633ECA7-A2D5-167E-8B90-2AD277D19DCE}</UniqueIdentifier>
    </Filter>
    <Filter Include="Athena\Events">
      <UniqueIdentifier>{DAD617E6-4697-931C-0FD2-DC997B51D8F8}</UniqueIdentifier>
    </Filter>
  </ItemGroup>
  <ItemGroup>
    <ClInclude Include="src\Athena.h" />
    <ClInclude Include="src\Athena\Application.h">
      <Filter>Athena</Filter>
    </ClInclude>
    <ClInclude Include="src\Athena\Core.h">
      <Filter>Athena</Filter>
    </ClInclude>
    <ClInclude Include="src\Athena\EntryPoint.h">
      <Filter>Athena</Filter>
    </ClInclude>
    <ClInclude Include="src\Athena\Events\ApplicationEvent.h">
      <Filter>Athena\Events</Filter>
    </ClInclude>
    <ClInclude Include="src\Athena\Events\Event.h">
      <Filter>Athena\Events</Filter>
    </ClInclude>
    <ClInclude Include="src\Athena\Events\KeyEvent.h">
      <Filter>Athena\Events</Filter>
    </ClInclude>
    <ClInclude Include="src\Athena\Events\MouseEvent.h">
      <Filter>Athena\Events</Filter>
    </ClInclude>
    <ClInclude Include="src\Athena\Log.h">
      <Filter>Athena</Filter>
    </ClInclude>
    <ClInclude Include="src\Athena\MouseCodes.h">
      <Filter>Athena</Filter>
    </ClInclude>
    <ClInclude Include="src\atnpch.h" />
    <ClInclude Include="src\Athena\Window.h" />
    <ClInclude Include="src\Athena\Platform\WindowsWindow.h" />
  </ItemGroup>
  <ItemGroup>
    <ClCompile Include="src\Athena\Application.cpp">
      <Filter>Athena</Filter>
    </ClCompile>
    <ClCompile Include="src\Athena\Log.cpp">
      <Filter>Athena</Filter>
    </ClCompile>
    <ClCompile Include="src\atnpch.cpp" />
    <ClCompile Include="src\Athena\Platform\WindowsWindow.cpp" />
  </ItemGroup>
</Project>